
Microsoft Visual Studio Solution File, Format Version 12.00
# Visual Studio Version 17
VisualStudioVersion = 17.8.34004.107
MinimumVisualStudioVersion = 10.0.40219.1
Project("{54A90642-561A-4BB1-A94E-469ADEE60C69}") = "net-apex-stats.client", "net-apex-stats.client\net-apex-stats.client.esproj", "{F979058B-3A46-4805-936E-39FC0AD81C44}"
EndProject
Project("{9A19103F-16F7-4668-BE54-9A1E7A4F7556}") = "NET-Apex-Stats.Server", "NET-Apex-Stats.Server\NET-Apex-Stats.Server.csproj", "{608311A6-F2B7-4D4D-B6EC-DC0021BD6224}"
EndProject
Global
	GlobalSection(SolutionConfigurationPlatforms) = preSolution
		Debug|Any CPU = Debug|Any CPU
		Release|Any CPU = Release|Any CPU
	EndGlobalSection
	GlobalSection(ProjectConfigurationPlatforms) = postSolution
		{F979058B-3A46-4805-936E-39FC0AD81C44}.Debug|Any CPU.ActiveCfg = Debug|Any CPU
		{F979058B-3A46-4805-936E-39FC0AD81C44}.Debug|Any CPU.Build.0 = Debug|Any CPU
		{F979058B-3A46-4805-936E-39FC0AD81C44}.Debug|Any CPU.Deploy.0 = Debug|Any CPU
		{F979058B-3A46-4805-936E-39FC0AD81C44}.Release|Any CPU.ActiveCfg = Release|Any CPU
		{F979058B-3A46-4805-936E-39FC0AD81C44}.Release|Any CPU.Build.0 = Release|Any CPU
		{F979058B-3A46-4805-936E-39FC0AD81C44}.Release|Any CPU.Deploy.0 = Release|Any CPU
		{608311A6-F2B7-4D4D-B6EC-DC0021BD6224}.Debug|Any CPU.ActiveCfg = Debug|Any CPU
		{608311A6-F2B7-4D4D-B6EC-DC0021BD6224}.Debug|Any CPU.Build.0 = Debug|Any CPU
		{608311A6-F2B7-4D4D-B6EC-DC0021BD6224}.Release|Any CPU.ActiveCfg = Release|Any CPU
		{608311A6-F2B7-4D4D-B6EC-DC0021BD6224}.Release|Any CPU.Build.0 = Release|Any CPU
	EndGlobalSection
	GlobalSection(SolutionProperties) = preSolution
		HideSolutionNode = FALSE
	EndGlobalSection
	GlobalSection(ExtensibilityGlobals) = postSolution
		SolutionGuid = {EA525037-4139-463A-9012-239FCB8C8978}
	EndGlobalSection
EndGlobal
